
Microsoft Visual Studio Solution File, Format Version 12.00
# Visual Studio Version 16
VisualStudioVersion = 16.0.29911.84
MinimumVisualStudioVersion = 10.0.40219.1
Project("{FAE04EC0-301F-11D3-BF4B-00C04F79EFBC}") = "WorldThatIsNotVeryBig", "WorldThatIsNotVeryBig\WorldThatIsNotVeryBig.csproj", "{43718FD0-C678-4CA9-A5C0-298C4CCB9F0F}"
EndProject
Project("{FAE04EC0-301F-11D3-BF4B-00C04F79EFBC}") = "NUnitTest_SmallWorld", "NUnitTest_SmallWorld\NUnitTest_SmallWorld.csproj", "{3167F5F6-BD68-46C7-B01F-A90627220F1E}"
EndProject
Global
	GlobalSection(SolutionConfigurationPlatforms) = preSolution
		Debug|Any CPU = Debug|Any CPU
		Release|Any CPU = Release|Any CPU
	EndGlobalSection
	GlobalSection(ProjectConfigurationPlatforms) = postSolution
		{43718FD0-C678-4CA9-A5C0-298C4CCB9F0F}.Debug|Any CPU.ActiveCfg = Debug|Any CPU
		{43718FD0-C678-4CA9-A5C0-298C4CCB9F0F}.Debug|Any CPU.Build.0 = Debug|Any CPU
		{43718FD0-C678-4CA9-A5C0-298C4CCB9F0F}.Release|Any CPU.ActiveCfg = Release|Any CPU
		{43718FD0-C678-4CA9-A5C0-298C4CCB9F0F}.Release|Any CPU.Build.0 = Release|Any CPU
		{3167F5F6-BD68-46C7-B01F-A90627220F1E}.Debug|Any CPU.ActiveCfg = Debug|Any CPU
		{3167F5F6-BD68-46C7-B01F-A90627220F1E}.Debug|Any CPU.Build.0 = Debug|Any CPU
		{3167F5F6-BD68-46C7-B01F-A90627220F1E}.Release|Any CPU.ActiveCfg = Release|Any CPU
		{3167F5F6-BD68-46C7-B01F-A90627220F1E}.Release|Any CPU.Build.0 = Release|Any CPU
	EndGlobalSection
	GlobalSection(SolutionProperties) = preSolution
		HideSolutionNode = FALSE
	EndGlobalSection
	GlobalSection(ExtensibilityGlobals) = postSolution
		SolutionGuid = {39331909-5815-4E0E-A6F5-A2AECBDD464D}
	EndGlobalSection
EndGlobal
